# THIS IS AN AUTOGENERATED FILE. DO NOT EDIT THIS FILE DIRECTLY.
# yarn lockfile v1


"@hapi/address@2.x.x":
  version "2.0.0"
  resolved "https://registry.yarnpkg.com/@hapi/address/-/address-2.0.0.tgz#9f05469c88cb2fd3dcd624776b54ee95c312126a"
  integrity sha512-mV6T0IYqb0xL1UALPFplXYQmR0twnXG0M6jUswpquqT2sD12BOiCiLy3EvMp/Fy7s3DZElC4/aPjEjo2jeZpvw==

"@hapi/hoek@6.x.x":
  version "6.2.1"
  resolved "https://registry.yarnpkg.com/@hapi/hoek/-/hoek-6.2.1.tgz#d3a66329159af879bfdf0b0cff2229c43c5a3451"
  integrity sha512-+ryw4GU9pjr1uT6lBuErHJg3NYqzwJTvZ75nKuJijEzpd00Uqi6oiawTGDDf5Hl0zWmI7qHfOtaqB0kpQZJQzA==

"@hapi/joi@15.x.x":
  version "15.0.3"
  resolved "https://registry.yarnpkg.com/@hapi/joi/-/joi-15.0.3.tgz#e94568fd859e5e945126d5675e7dd218484638a7"
  integrity sha512-z6CesJ2YBwgVCi+ci8SI8zixoj8bGFn/vZb9MBPbSyoxsS2PnWYjHcyTM17VLK6tx64YVK38SDIh10hJypB+ig==
  dependencies:
    "@hapi/address" "2.x.x"
    "@hapi/hoek" "6.x.x"
    "@hapi/topo" "3.x.x"

"@hapi/topo@3.x.x":
  version "3.1.0"
  resolved "https://registry.yarnpkg.com/@hapi/topo/-/topo-3.1.0.tgz#5c47cd9637c2953db185aa957a27bcb2a8b7a6f8"
  integrity sha512-gZDI/eXOIk8kP2PkUKjWu9RW8GGVd2Hkgjxyr/S7Z+JF+0mr7bAlbw+DkTRxnD580o8Kqxlnba9wvqp5aOHBww==
  dependencies:
    "@hapi/hoek" "6.x.x"

celebrate@^10.0.0:
  version "10.0.0"
  resolved "https://registry.yarnpkg.com/celebrate/-/celebrate-10.0.0.tgz#488312d721e3f16f892fe121fd87369b460ae423"
  integrity sha512-XjTz3Y5ayN8iRH/10JJYPGQbRm7Tod52vOdz7+vAgAPVgHN70NF2UlT4xBR+79jKyWbZfh3mkwyfNGkeklsLuQ==
  dependencies:
    "@hapi/joi" "15.x.x"
    escape-html "1.0.3"

escape-html@1.0.3:
  version "1.0.3"
  resolved "https://registry.yarnpkg.com/escape-html/-/escape-html-1.0.3.tgz#0258eae4d3d0c0974de1c169188ef0051d1d1988"
  integrity sha1-Aljq5NPQwJdN4cFpGI7wBR0dGYg=
